
Microsoft Visual Studio Solution File, Format Version 12.00
# Visual Studio 15
VisualStudioVersion = 15.0.28307.489
MinimumVisualStudioVersion = 10.0.40219.1
Project("{FAE04EC0-301F-11D3-BF4B-00C04F79EFBC}") = "BootstrapWebApp", "BootstrapWebApp\BootstrapWebApp.csproj", "{67F5A59E-BC55-4F27-9868-2AAA9F4EB184}"
EndProject
Global
	GlobalSection(SolutionConfigurationPlatforms) = preSolution
		Debug|Any CPU = Debug|Any CPU
		Release|Any CPU = Release|Any CPU
	EndGlobalSection
	GlobalSection(ProjectConfigurationPlatforms) = postSolution
		{67F5A59E-BC55-4F27-9868-2AAA9F4EB184}.Debug|Any CPU.ActiveCfg = Debug|Any CPU
		{67F5A59E-BC55-4F27-9868-2AAA9F4EB184}.Debug|Any CPU.Build.0 = Debug|Any CPU
		{67F5A59E-BC55-4F27-9868-2AAA9F4EB184}.Release|Any CPU.ActiveCfg = Release|Any CPU
		{67F5A59E-BC55-4F27-9868-2AAA9F4EB184}.Release|Any CPU.Build.0 = Release|Any CPU
	EndGlobalSection
	GlobalSection(SolutionProperties) = preSolution
		HideSolutionNode = FALSE
	EndGlobalSection
	GlobalSection(ExtensibilityGlobals) = postSolution
		SolutionGuid = {7E937EDA-7B7B-485A-8EDC-032EB1B49CD3}
	EndGlobalSection
EndGlobal
